
Microsoft Visual Studio Solution File, Format Version 12.00
Project("{2150E333-8FDC-42A3-9474-1A3956D46DE8}") = "Solution Items", "Solution Items", "{CF157246-51D9-49B7-B862-A7D0867C1105}"
	ProjectSection(SolutionItems) = preProject
		docker-compose.yml = docker-compose.yml
	EndProjectSection
EndProject
Project("{FAE04EC0-301F-11D3-BF4B-00C04F79EFBC}") = "Binbi.Parser.Common", "Binbi.Parser.Common\Binbi.Parser.Common.csproj", "{546FC4BC-5EC7-44C4-B93E-E8C44EE9FAE5}"
EndProject
Project("{FAE04EC0-301F-11D3-BF4B-00C04F79EFBC}") = "Binbi.Parser.API", "Binbi.Parser.API\Binbi.Parser.API.csproj", "{457B25DA-CA33-4634-868A-2FFA094A08F7}"
EndProject
Project("{FAE04EC0-301F-11D3-BF4B-00C04F79EFBC}") = "Binbi.Parser.DB", "Binbi.Parser.DB\Binbi.Parser.DB.csproj", "{B85D7F5A-F678-425B-8EC8-9C34EF586B31}"
EndProject
Global
	GlobalSection(SolutionConfigurationPlatforms) = preSolution
		Debug|Any CPU = Debug|Any CPU
		Release|Any CPU = Release|Any CPU
	EndGlobalSection
	GlobalSection(ProjectConfigurationPlatforms) = postSolution
		{546FC4BC-5EC7-44C4-B93E-E8C44EE9FAE5}.Debug|Any CPU.ActiveCfg = Debug|Any CPU
		{546FC4BC-5EC7-44C4-B93E-E8C44EE9FAE5}.Debug|Any CPU.Build.0 = Debug|Any CPU
		{546FC4BC-5EC7-44C4-B93E-E8C44EE9FAE5}.Release|Any CPU.ActiveCfg = Release|Any CPU
		{546FC4BC-5EC7-44C4-B93E-E8C44EE9FAE5}.Release|Any CPU.Build.0 = Release|Any CPU
		{457B25DA-CA33-4634-868A-2FFA094A08F7}.Debug|Any CPU.ActiveCfg = Debug|Any CPU
		{457B25DA-CA33-4634-868A-2FFA094A08F7}.Debug|Any CPU.Build.0 = Debug|Any CPU
		{457B25DA-CA33-4634-868A-2FFA094A08F7}.Release|Any CPU.ActiveCfg = Release|Any CPU
		{457B25DA-CA33-4634-868A-2FFA094A08F7}.Release|Any CPU.Build.0 = Release|Any CPU
		{B85D7F5A-F678-425B-8EC8-9C34EF586B31}.Debug|Any CPU.ActiveCfg = Debug|Any CPU
		{B85D7F5A-F678-425B-8EC8-9C34EF586B31}.Debug|Any CPU.Build.0 = Debug|Any CPU
		{B85D7F5A-F678-425B-8EC8-9C34EF586B31}.Release|Any CPU.ActiveCfg = Release|Any CPU
		{B85D7F5A-F678-425B-8EC8-9C34EF586B31}.Release|Any CPU.Build.0 = Release|Any CPU
	EndGlobalSection
EndGlobal
